// !$*UTF8*$!
{
	archiveVersion = 1;
	classes = {
	};
	objectVersion = 50;
	objects = {

/* Begin PBXBuildFile section */
		7B32D9E9262F211E003E8C3C /* CustomDataCatalog.swift in Sources */ = {isa = PBXBuildFile; fileRef = 7B32D9E8262F211E003E8C3C /* CustomDataCatalog.swift */; };
		7B446311262BA56A001ED756 /* CatalogCell.swift in Sources */ = {isa = PBXBuildFile; fileRef = 7B446310262BA56A001ED756 /* CatalogCell.swift */; };
		7B4E2E4B262F3C7C0023C1D6 /* CustomDataLimit.swift in Sources */ = {isa = PBXBuildFile; fileRef = 7B4E2E4A262F3C7C0023C1D6 /* CustomDataLimit.swift */; };
		7B4E2E4E262F3C980023C1D6 /* CustomDataBest.swift in Sources */ = {isa = PBXBuildFile; fileRef = 7B4E2E4D262F3C980023C1D6 /* CustomDataBest.swift */; };
		7B702894262BA9E9006AA412 /* TitleTabBar.swift in Sources */ = {isa = PBXBuildFile; fileRef = 7B702893262BA9E9006AA412 /* TitleTabBar.swift */; };
		7B702898262BAA74006AA412 /* TabBarVC.swift in Sources */ = {isa = PBXBuildFile; fileRef = 7B702897262BAA74006AA412 /* TabBarVC.swift */; };
		7B70289E262BAB0E006AA412 /* TabBarExtension.swift in Sources */ = {isa = PBXBuildFile; fileRef = 7B70289D262BAB0E006AA412 /* TabBarExtension.swift */; };
		7BC64718262BA05900D7AB36 /* AppDelegate.swift in Sources */ = {isa = PBXBuildFile; fileRef = 7BC64717262BA05900D7AB36 /* AppDelegate.swift */; };
		7BC6471A262BA05900D7AB36 /* SceneDelegate.swift in Sources */ = {isa = PBXBuildFile; fileRef = 7BC64719262BA05900D7AB36 /* SceneDelegate.swift */; };
		7BC6471C262BA05900D7AB36 /* LeroyMerlinVC.swift in Sources */ = {isa = PBXBuildFile; fileRef = 7BC6471B262BA05900D7AB36 /* LeroyMerlinVC.swift */; };
		7BC6471F262BA05900D7AB36 /* Main.storyboard in Resources */ = {isa = PBXBuildFile; fileRef = 7BC6471D262BA05900D7AB36 /* Main.storyboard */; };
		7BC64721262BA05E00D7AB36 /* Assets.xcassets in Resources */ = {isa = PBXBuildFile; fileRef = 7BC64720262BA05E00D7AB36 /* Assets.xcassets */; };
		7BC64724262BA05E00D7AB36 /* LaunchScreen.storyboard in Resources */ = {isa = PBXBuildFile; fileRef = 7BC64722262BA05E00D7AB36 /* LaunchScreen.storyboard */; };
		7BDCBF30262F82D200936511 /* NSMutableAttributedString Ext.swift in Sources */ = {isa = PBXBuildFile; fileRef = 7BDCBF2F262F82D200936511 /* NSMutableAttributedString Ext.swift */; };
		7BDCBF3B262FA52D00936511 /* LeroyMerlinView.swift in Sources */ = {isa = PBXBuildFile; fileRef = 7BDCBF3A262FA52D00936511 /* LeroyMerlinView.swift */; };
		7BEA54C5262E553700C295C0 /* BestCell.swift in Sources */ = {isa = PBXBuildFile; fileRef = 7BEA54C4262E553700C295C0 /* BestCell.swift */; };
		7BEA54C8262E555600C295C0 /* LimitCell.swift in Sources */ = {isa = PBXBuildFile; fileRef = 7BEA54C7262E555600C295C0 /* LimitCell.swift */; };
/* End PBXBuildFile section */

/* Begin PBXFileReference section */
		7B32D9E8262F211E003E8C3C /* CustomDataCatalog.swift */ = {isa = PBXFileReference; lastKnownFileType = sourcecode.swift; path = CustomDataCatalog.swift; sourceTree = "<group>"; };
		7B446310262BA56A001ED756 /* CatalogCell.swift */ = {isa = PBXFileReference; lastKnownFileType = sourcecode.swift; path = CatalogCell.swift; sourceTree = "<group>"; };
		7B4E2E4A262F3C7C0023C1D6 /* CustomDataLimit.swift */ = {isa = PBXFileReference; lastKnownFileType = sourcecode.swift; path = CustomDataLimit.swift; sourceTree = "<group>"; };
		7B4E2E4D262F3C980023C1D6 /* CustomDataBest.swift */ = {isa = PBXFileReference; lastKnownFileType = sourcecode.swift; path = CustomDataBest.swift; sourceTree = "<group>"; };
		7B702893262BA9E9006AA412 /* TitleTabBar.swift */ = {isa = PBXFileReference; lastKnownFileType = sourcecode.swift; path = TitleTabBar.swift; sourceTree = "<group>"; };
		7B702897262BAA74006AA412 /* TabBarVC.swift */ = {isa = PBXFileReference; lastKnownFileType = sourcecode.swift; path = TabBarVC.swift; sourceTree = "<group>"; };
		7B70289D262BAB0E006AA412 /* TabBarExtension.swift */ = {isa = PBXFileReference; lastKnownFileType = sourcecode.swift; path = TabBarExtension.swift; sourceTree = "<group>"; };
		7BC64714262BA05900D7AB36 /* LeroyMerlinMainScreen.app */ = {isa = PBXFileReference; explicitFileType = wrapper.application; includeInIndex = 0; path = LeroyMerlinMainScreen.app; sourceTree = BUILT_PRODUCTS_DIR; };
		7BC64717262BA05900D7AB36 /* AppDelegate.swift */ = {isa = PBXFileReference; lastKnownFileType = sourcecode.swift; path = AppDelegate.swift; sourceTree = "<group>"; };
		7BC64719262BA05900D7AB36 /* SceneDelegate.swift */ = {isa = PBXFileReference; lastKnownFileType = sourcecode.swift; path = SceneDelegate.swift; sourceTree = "<group>"; };
		7BC6471B262BA05900D7AB36 /* LeroyMerlinVC.swift */ = {isa = PBXFileReference; lastKnownFileType = sourcecode.swift; path = LeroyMerlinVC.swift; sourceTree = "<group>"; };
		7BC6471E262BA05900D7AB36 /* Base */ = {isa = PBXFileReference; lastKnownFileType = file.storyboard; name = Base; path = Base.lproj/Main.storyboard; sourceTree = "<group>"; };
		7BC64720262BA05E00D7AB36 /* Assets.xcassets */ = {isa = PBXFileReference; lastKnownFileType = folder.assetcatalog; path = Assets.xcassets; sourceTree = "<group>"; };
		7BC64723262BA05E00D7AB36 /* Base */ = {isa = PBXFileReference; lastKnownFileType = file.storyboard; name = Base; path = Base.lproj/LaunchScreen.storyboard; sourceTree = "<group>"; };
		7BC64725262BA05E00D7AB36 /* Info.plist */ = {isa = PBXFileReference; lastKnownFileType = text.plist.xml; path = Info.plist; sourceTree = "<group>"; };
		7BDCBF2F262F82D200936511 /* NSMutableAttributedString Ext.swift */ = {isa = PBXFileReference; lastKnownFileType = sourcecode.swift; path = "NSMutableAttributedString Ext.swift"; sourceTree = "<group>"; };
		7BDCBF3A262FA52D00936511 /* LeroyMerlinView.swift */ = {isa = PBXFileReference; lastKnownFileType = sourcecode.swift; path = LeroyMerlinView.swift; sourceTree = "<group>"; };
		7BEA54C4262E553700C295C0 /* BestCell.swift */ = {isa = PBXFileReference; lastKnownFileType = sourcecode.swift; path = BestCell.swift; sourceTree = "<group>"; };
		7BEA54C7262E555600C295C0 /* LimitCell.swift */ = {isa = PBXFileReference; lastKnownFileType = sourcecode.swift; path = LimitCell.swift; sourceTree = "<group>"; };
/* End PBXFileReference section */

/* Begin PBXFrameworksBuildPhase section */
		7BC64711262BA05900D7AB36 /* Frameworks */ = {
			isa = PBXFrameworksBuildPhase;
			buildActionMask = 2147483647;
			files = (
			);
			runOnlyForDeploymentPostprocessing = 0;
		};
/* End PBXFrameworksBuildPhase section */

/* Begin PBXGroup section */
		7B446305262BA3BE001ED756 /* App */ = {
			isa = PBXGroup;
			children = (
				7BDCBF33262FA34900936511 /* Extension */,
				7B446307262BA3C9001ED756 /* Resource */,
				7B44630B262BA40E001ED756 /* Delegates */,
				7B446309262BA3ED001ED756 /* Storyboards */,
			);
			path = App;
			sourceTree = "<group>";
		};
		7B446307262BA3C9001ED756 /* Resource */ = {
			isa = PBXGroup;
			children = (
				7BC64725262BA05E00D7AB36 /* Info.plist */,
				7BC64720262BA05E00D7AB36 /* Assets.xcassets */,
			);
			path = Resource;
			sourceTree = "<group>";
		};
		7B446309262BA3ED001ED756 /* Storyboards */ = {
			isa = PBXGroup;
			children = (
				7BC6471D262BA05900D7AB36 /* Main.storyboard */,
				7BC64722262BA05E00D7AB36 /* LaunchScreen.storyboard */,
			);
			path = Storyboards;
			sourceTree = "<group>";
		};
		7B44630B262BA40E001ED756 /* Delegates */ = {
			isa = PBXGroup;
			children = (
				7BC64717262BA05900D7AB36 /* AppDelegate.swift */,
				7BC64719262BA05900D7AB36 /* SceneDelegate.swift */,
			);
			path = Delegates;
			sourceTree = "<group>";
		};
		7B44630C262BA423001ED756 /* Tab Bar */ = {
			isa = PBXGroup;
			children = (
				7B70289A262BAAB4006AA412 /* Extension */,
				7B446319262BA952001ED756 /* Enum */,
				7B446318262BA945001ED756 /* Controller */,
			);
			path = "Tab Bar";
			sourceTree = "<group>";
		};
		7B446318262BA945001ED756 /* Controller */ = {
			isa = PBXGroup;
			children = (
				7B702897262BAA74006AA412 /* TabBarVC.swift */,
			);
			path = Controller;
			sourceTree = "<group>";
		};
		7B446319262BA952001ED756 /* Enum */ = {
			isa = PBXGroup;
			children = (
				7B702893262BA9E9006AA412 /* TitleTabBar.swift */,
			);
			path = Enum;
			sourceTree = "<group>";
		};
		7B70289A262BAAB4006AA412 /* Extension */ = {
			isa = PBXGroup;
			children = (
				7B70289D262BAB0E006AA412 /* TabBarExtension.swift */,
			);
			path = Extension;
			sourceTree = "<group>";
		};
		7BC6470B262BA05800D7AB36 = {
			isa = PBXGroup;
			children = (
				7BC64716262BA05900D7AB36 /* LeroyMerlinMainScreen */,
				7BC64715262BA05900D7AB36 /* Products */,
			);
			sourceTree = "<group>";
		};
		7BC64715262BA05900D7AB36 /* Products */ = {
			isa = PBXGroup;
			children = (
				7BC64714262BA05900D7AB36 /* LeroyMerlinMainScreen.app */,
			);
			name = Products;
			sourceTree = "<group>";
		};
		7BC64716262BA05900D7AB36 /* LeroyMerlinMainScreen */ = {
			isa = PBXGroup;
			children = (
				7B446305262BA3BE001ED756 /* App */,
				7B44630C262BA423001ED756 /* Tab Bar */,
				7BC6472C262BA07300D7AB36 /* LeroyMerlinMainScreen */,
			);
			path = LeroyMerlinMainScreen;
			sourceTree = "<group>";
		};
		7BC6472C262BA07300D7AB36 /* LeroyMerlinMainScreen */ = {
			isa = PBXGroup;
			children = (
				7BDCBF36262FA37400936511 /* Controller */,
				7BDCBF34262FA35800936511 /* View */,
				7BDCBF35262FA36500936511 /* Models */,
			);
			path = LeroyMerlinMainScreen;
			sourceTree = "<group>";
		};
		7BDCBF33262FA34900936511 /* Extension */ = {
			isa = PBXGroup;
			children = (
				7BDCBF2F262F82D200936511 /* NSMutableAttributedString Ext.swift */,
			);
			path = Extension;
			sourceTree = "<group>";
		};
		7BDCBF34262FA35800936511 /* View */ = {
			isa = PBXGroup;
			children = (
				7BDCBF39262FA4EE00936511 /* LeroyMerlinView */,
				7BDCBF38262FA4CC00936511 /* Cells */,
			);
			path = View;
			sourceTree = "<group>";
		};
		7BDCBF35262FA36500936511 /* Models */ = {
			isa = PBXGroup;
			children = (
				7B32D9E8262F211E003E8C3C /* CustomDataCatalog.swift */,
				7B4E2E4A262F3C7C0023C1D6 /* CustomDataLimit.swift */,
				7B4E2E4D262F3C980023C1D6 /* CustomDataBest.swift */,
			);
			path = Models;
			sourceTree = "<group>";
		};
		7BDCBF36262FA37400936511 /* Controller */ = {
			isa = PBXGroup;
			children = (
				7BC6471B262BA05900D7AB36 /* LeroyMerlinVC.swift */,
			);
			path = Controller;
			sourceTree = "<group>";
		};
		7BDCBF38262FA4CC00936511 /* Cells */ = {
			isa = PBXGroup;
			children = (
				7B446310262BA56A001ED756 /* CatalogCell.swift */,
				7BEA54C7262E555600C295C0 /* LimitCell.swift */,
				7BEA54C4262E553700C295C0 /* BestCell.swift */,
			);
			path = Cells;
			sourceTree = "<group>";
		};
		7BDCBF39262FA4EE00936511 /* LeroyMerlinView */ = {
			isa = PBXGroup;
			children = (
				7BDCBF3A262FA52D00936511 /* LeroyMerlinView.swift */,
			);
			path = LeroyMerlinView;
			sourceTree = "<group>";
		};
/* End PBXGroup section */

/* Begin PBXNativeTarget section */
		7BC64713262BA05900D7AB36 /* LeroyMerlinMainScreen */ = {
			isa = PBXNativeTarget;
			buildConfigurationList = 7BC64728262BA05E00D7AB36 /* Build configuration list for PBXNativeTarget "LeroyMerlinMainScreen" */;
			buildPhases = (
				7BC64710262BA05900D7AB36 /* Sources */,
				7BC64711262BA05900D7AB36 /* Frameworks */,
				7BC64712262BA05900D7AB36 /* Resources */,
			);
			buildRules = (
			);
			dependencies = (
			);
			name = LeroyMerlinMainScreen;
			productName = LeroyMerlinMainScreen;
			productReference = 7BC64714262BA05900D7AB36 /* LeroyMerlinMainScreen.app */;
			productType = "com.apple.product-type.application";
		};
/* End PBXNativeTarget section */

/* Begin PBXProject section */
		7BC6470C262BA05800D7AB36 /* Project object */ = {
			isa = PBXProject;
			attributes = {
				LastSwiftUpdateCheck = 1240;
				LastUpgradeCheck = 1240;
				TargetAttributes = {
					7BC64713262BA05900D7AB36 = {
						CreatedOnToolsVersion = 12.4;
					};
				};
			};
			buildConfigurationList = 7BC6470F262BA05800D7AB36 /* Build configuration list for PBXProject "LeroyMerlinMainScreen" */;
			compatibilityVersion = "Xcode 9.3";
			developmentRegion = en;
			hasScannedForEncodings = 0;
			knownRegions = (
				en,
				Base,
			);
			mainGroup = 7BC6470B262BA05800D7AB36;
			productRefGroup = 7BC64715262BA05900D7AB36 /* Products */;
			projectDirPath = "";
			projectRoot = "";
			targets = (
				7BC64713262BA05900D7AB36 /* LeroyMerlinMainScreen */,
			);
		};
/* End PBXProject section */

/* Begin PBXResourcesBuildPhase section */
		7BC64712262BA05900D7AB36 /* Resources */ = {
			isa = PBXResourcesBuildPhase;
			buildActionMask = 2147483647;
			files = (
				7BC64724262BA05E00D7AB36 /* LaunchScreen.storyboard in Resources */,
				7BC64721262BA05E00D7AB36 /* Assets.xcassets in Resources */,
				7BC6471F262BA05900D7AB36 /* Main.storyboard in Resources */,
			);
			runOnlyForDeploymentPostprocessing = 0;
		};
/* End PBXResourcesBuildPhase section */

/* Begin PBXSourcesBuildPhase section */
		7BC64710262BA05900D7AB36 /* Sources */ = {
			isa = PBXSourcesBuildPhase;
			buildActionMask = 2147483647;
			files = (
				7B702898262BAA74006AA412 /* TabBarVC.swift in Sources */,
				7B4E2E4B262F3C7C0023C1D6 /* CustomDataLimit.swift in Sources */,
				7BEA54C8262E555600C295C0 /* LimitCell.swift in Sources */,
				7BDCBF3B262FA52D00936511 /* LeroyMerlinView.swift in Sources */,
				7B702894262BA9E9006AA412 /* TitleTabBar.swift in Sources */,
				7BC6471C262BA05900D7AB36 /* LeroyMerlinVC.swift in Sources */,
				7BC64718262BA05900D7AB36 /* AppDelegate.swift in Sources */,
				7B70289E262BAB0E006AA412 /* TabBarExtension.swift in Sources */,
				7B32D9E9262F211E003E8C3C /* CustomDataCatalog.swift in Sources */,
				7B446311262BA56A001ED756 /* CatalogCell.swift in Sources */,
				7BDCBF30262F82D200936511 /* NSMutableAttributedString Ext.swift in Sources */,
				7BC6471A262BA05900D7AB36 /* SceneDelegate.swift in Sources */,
				7B4E2E4E262F3C980023C1D6 /* CustomDataBest.swift in Sources */,
				7BEA54C5262E553700C295C0 /* BestCell.swift in Sources */,
			);
			runOnlyForDeploymentPostprocessing = 0;
		};
/* End PBXSourcesBuildPhase section */

/* Begin PBXVariantGroup section */
		7BC6471D262BA05900D7AB36 /* Main.storyboard */ = {
			isa = PBXVariantGroup;
			children = (
				7BC6471E262BA05900D7AB36 /* Base */,
			);
			name = Main.storyboard;
			sourceTree = "<group>";
		};
		7BC64722262BA05E00D7AB36 /* LaunchScreen.storyboard */ = {
			isa = PBXVariantGroup;
			children = (
				7BC64723262BA05E00D7AB36 /* Base */,
			);
			name = LaunchScreen.storyboard;
			sourceTree = "<group>";
		};
/* End PBXVariantGroup section */

/* Begin XCBuildConfiguration section */
		7BC64726262BA05E00D7AB36 /* Debug */ = {
			isa = XCBuildConfiguration;
			buildSettings = {
				ALWAYS_SEARCH_USER_PATHS = NO;
				CLANG_ANALYZER_NONNULL = YES;
				CLANG_ANALYZER_NUMBER_OBJECT_CONVERSION = YES_AGGRESSIVE;
				CLANG_CXX_LANGUAGE_STANDARD = "gnu++14";
				CLANG_CXX_LIBRARY = "libc++";
				CLANG_ENABLE_MODULES = YES;
				CLANG_ENABLE_OBJC_ARC = YES;
				CLANG_ENABLE_OBJC_WEAK = YES;
				CLANG_WARN_BLOCK_CAPTURE_AUTORELEASING = YES;
				CLANG_WARN_BOOL_CONVERSION = YES;
				CLANG_WARN_COMMA = YES;
				CLANG_WARN_CONSTANT_CONVERSION = YES;
				CLANG_WARN_DEPRECATED_OBJC_IMPLEMENTATIONS = YES;
				CLANG_WARN_DIRECT_OBJC_ISA_USAGE = YES_ERROR;
				CLANG_WARN_DOCUMENTATION_COMMENTS = YES;
				CLANG_WARN_EMPTY_BODY = YES;
				CLANG_WARN_ENUM_CONVERSION = YES;
				CLANG_WARN_INFINITE_RECURSION = YES;
				CLANG_WARN_INT_CONVERSION = YES;
				CLANG_WARN_NON_LITERAL_NULL_CONVERSION = YES;
				CLANG_WARN_OBJC_IMPLICIT_RETAIN_SELF = YES;
				CLANG_WARN_OBJC_LITERAL_CONVERSION = YES;
				CLANG_WARN_OBJC_ROOT_CLASS = YES_ERROR;
				CLANG_WARN_QUOTED_INCLUDE_IN_FRAMEWORK_HEADER = YES;
				CLANG_WARN_RANGE_LOOP_ANALYSIS = YES;
				CLANG_WARN_STRICT_PROTOTYPES = YES;
				CLANG_WARN_SUSPICIOUS_MOVE = YES;
				CLANG_WARN_UNGUARDED_AVAILABILITY = YES_AGGRESSIVE;
				CLANG_WARN_UNREACHABLE_CODE = YES;
				CLANG_WARN__DUPLICATE_METHOD_MATCH = YES;
				COPY_PHASE_STRIP = NO;
				DEBUG_INFORMATION_FORMAT = dwarf;
				ENABLE_STRICT_OBJC_MSGSEND = YES;
				ENABLE_TESTABILITY = YES;
				GCC_C_LANGUAGE_STANDARD = gnu11;
				GCC_DYNAMIC_NO_PIC = NO;
				GCC_NO_COMMON_BLOCKS = YES;
				GCC_OPTIMIZATION_LEVEL = 0;
				GCC_PREPROCESSOR_DEFINITIONS = (
					"DEBUG=1",
					"$(inherited)",
				);
				GCC_WARN_64_TO_32_BIT_CONVERSION = YES;
				GCC_WARN_ABOUT_RETURN_TYPE = YES_ERROR;
				GCC_WARN_UNDECLARED_SELECTOR = YES;
				GCC_WARN_UNINITIALIZED_AUTOS = YES_AGGRESSIVE;
				GCC_WARN_UNUSED_FUNCTION = YES;
				GCC_WARN_UNUSED_VARIABLE = YES;
				IPHONEOS_DEPLOYMENT_TARGET = 14.4;
				MTL_ENABLE_DEBUG_INFO = INCLUDE_SOURCE;
				MTL_FAST_MATH = YES;
				ONLY_ACTIVE_ARCH = YES;
				SDKROOT = iphoneos;
				SWIFT_ACTIVE_COMPILATION_CONDITIONS = DEBUG;
				SWIFT_OPTIMIZATION_LEVEL = "-Onone";
			};
			name = Debug;
		};
		7BC64727262BA05E00D7AB36 /* Release */ = {
			isa = XCBuildConfiguration;
			buildSettings = {
				ALWAYS_SEARCH_USER_PATHS = NO;
				CLANG_ANALYZER_NONNULL = YES;
				CLANG_ANALYZER_NUMBER_OBJECT_CONVERSION = YES_AGGRESSIVE;
				CLANG_CXX_LANGUAGE_STANDARD = "gnu++14";
				CLANG_CXX_LIBRARY = "libc++";
				CLANG_ENABLE_MODULES = YES;
				CLANG_ENABLE_OBJC_ARC = YES;
				CLANG_ENABLE_OBJC_WEAK = YES;
				CLANG_WARN_BLOCK_CAPTURE_AUTORELEASING = YES;
				CLANG_WARN_BOOL_CONVERSION = YES;
				CLANG_WARN_COMMA = YES;
				CLANG_WARN_CONSTANT_CONVERSION = YES;
				CLANG_WARN_DEPRECATED_OBJC_IMPLEMENTATIONS = YES;
				CLANG_WARN_DIRECT_OBJC_ISA_USAGE = YES_ERROR;
				CLANG_WARN_DOCUMENTATION_COMMENTS = YES;
				CLANG_WARN_EMPTY_BODY = YES;
				CLANG_WARN_ENUM_CONVERSION = YES;
				CLANG_WARN_INFINITE_RECURSION = YES;
				CLANG_WARN_INT_CONVERSION = YES;
				CLANG_WARN_NON_LITERAL_NULL_CONVERSION = YES;
				CLANG_WARN_OBJC_IMPLICIT_RETAIN_SELF = YES;
				CLANG_WARN_OBJC_LITERAL_CONVERSION = YES;
				CLANG_WARN_OBJC_ROOT_CLASS = YES_ERROR;
				CLANG_WARN_QUOTED_INCLUDE_IN_FRAMEWORK_HEADER = YES;
				CLANG_WARN_RANGE_LOOP_ANALYSIS = YES;
				CLANG_WARN_STRICT_PROTOTYPES = YES;
				CLANG_WARN_SUSPICIOUS_MOVE = YES;
				CLANG_WARN_UNGUARDED_AVAILABILITY = YES_AGGRESSIVE;
				CLANG_WARN_UNREACHABLE_CODE = YES;
				CLANG_WARN__DUPLICATE_METHOD_MATCH = YES;
				COPY_PHASE_STRIP = NO;
				DEBUG_INFORMATION_FORMAT = "dwarf-with-dsym";
				ENABLE_NS_ASSERTIONS = NO;
				ENABLE_STRICT_OBJC_MSGSEND = YES;
				GCC_C_LANGUAGE_STANDARD = gnu11;
				GCC_NO_COMMON_BLOCKS = YES;
				GCC_WARN_64_TO_32_BIT_CONVERSION = YES;
				GCC_WARN_ABOUT_RETURN_TYPE = YES_ERROR;
				GCC_WARN_UNDECLARED_SELECTOR = YES;
				GCC_WARN_UNINITIALIZED_AUTOS = YES_AGGRESSIVE;
				GCC_WARN_UNUSED_FUNCTION = YES;
				GCC_WARN_UNUSED_VARIABLE = YES;
				IPHONEOS_DEPLOYMENT_TARGET = 14.4;
				MTL_ENABLE_DEBUG_INFO = NO;
				MTL_FAST_MATH = YES;
				SDKROOT = iphoneos;
				SWIFT_COMPILATION_MODE = wholemodule;
				SWIFT_OPTIMIZATION_LEVEL = "-O";
				VALIDATE_PRODUCT = YES;
			};
			name = Release;
		};
		7BC64729262BA05E00D7AB36 /* Debug */ = {
			isa = XCBuildConfiguration;
			buildSettings = {
				ASSETCATALOG_COMPILER_APPICON_NAME = AppIcon;
				ASSETCATALOG_COMPILER_GLOBAL_ACCENT_COLOR_NAME = AccentColor;
				CODE_SIGN_STYLE = Automatic;
				DEVELOPMENT_TEAM = 68FXT4UH73;
				INFOPLIST_FILE = LeroyMerlinMainScreen/App/Resource/Info.plist;
				LD_RUNPATH_SEARCH_PATHS = (
					"$(inherited)",
					"@executable_path/Frameworks",
				);
				PRODUCT_BUNDLE_IDENTIFIER = ru.egorskikh.LeroyMerlinMainScreen;
				PRODUCT_NAME = "$(TARGET_NAME)";
				SWIFT_VERSION = 5.0;
				TARGETED_DEVICE_FAMILY = "1,2";
			};
			name = Debug;
		};
		7BC6472A262BA05E00D7AB36 /* Release */ = {
			isa = XCBuildConfiguration;
			buildSettings = {
				ASSETCATALOG_COMPILER_APPICON_NAME = AppIcon;
				ASSETCATALOG_COMPILER_GLOBAL_ACCENT_COLOR_NAME = AccentColor;
				CODE_SIGN_STYLE = Automatic;
				DEVELOPMENT_TEAM = 68FXT4UH73;
				INFOPLIST_FILE = LeroyMerlinMainScreen/App/Resource/Info.plist;
				LD_RUNPATH_SEARCH_PATHS = (
					"$(inherited)",
					"@executable_path/Frameworks",
				);
				PRODUCT_BUNDLE_IDENTIFIER = ru.egorskikh.LeroyMerlinMainScreen;
				PRODUCT_NAME = "$(TARGET_NAME)";
				SWIFT_VERSION = 5.0;
				TARGETED_DEVICE_FAMILY = "1,2";
			};
			name = Release;
		};
/* End XCBuildConfiguration section */

/* Begin XCConfigurationList section */
		7BC6470F262BA05800D7AB36 /* Build configuration list for PBXProject "LeroyMerlinMainScreen" */ = {
			isa = XCConfigurationList;
			buildConfigurations = (
				7BC64726262BA05E00D7AB36 /* Debug */,
				7BC64727262BA05E00D7AB36 /* Release */,
			);
			defaultConfigurationIsVisible = 0;
			defaultConfigurationName = Release;
		};
		7BC64728262BA05E00D7AB36 /* Build configuration list for PBXNativeTarget "LeroyMerlinMainScreen" */ = {
			isa = XCConfigurationList;
			buildConfigurations = (
				7BC64729262BA05E00D7AB36 /* Debug */,
				7BC6472A262BA05E00D7AB36 /* Release */,
			);
			defaultConfigurationIsVisible = 0;
			defaultConfigurationName = Release;
		};
/* End XCConfigurationList section */
	};
	rootObject = 7BC6470C262BA05800D7AB36 /* Project object */;
}
